// !$*UTF8*$!
{
	archiveVersion = 1;
	classes = {
	};
	objectVersion = 56;
	objects = {

/* Begin PBXBuildFile section */
		AC61BD702C4ADEE500B59FE0 /* IngredientsView.swift in Sources */ = {isa = PBXBuildFile; fileRef = AC61BD6F2C4ADEE500B59FE0 /* IngredientsView.swift */; };
		AC61BD722C4ADEEE00B59FE0 /* DirectionsView.swift in Sources */ = {isa = PBXBuildFile; fileRef = AC61BD712C4ADEEE00B59FE0 /* DirectionsView.swift */; };
		AC61BD742C4ADEF900B59FE0 /* IngredientsViewViewModel.swift in Sources */ = {isa = PBXBuildFile; fileRef = AC61BD732C4ADEF900B59FE0 /* IngredientsViewViewModel.swift */; };
		AC61BD762C4ADF0300B59FE0 /* DirectionsViewViewModel.swift in Sources */ = {isa = PBXBuildFile; fileRef = AC61BD752C4ADF0300B59FE0 /* DirectionsViewViewModel.swift */; };
		ACAF0D422C49A77C00703928 /* RecipeBrowserApp.swift in Sources */ = {isa = PBXBuildFile; fileRef = ACAF0D412C49A77C00703928 /* RecipeBrowserApp.swift */; };
		ACAF0D442C49A77C00703928 /* MainView.swift in Sources */ = {isa = PBXBuildFile; fileRef = ACAF0D432C49A77C00703928 /* MainView.swift */; };
		ACAF0D462C49A77E00703928 /* Assets.xcassets in Resources */ = {isa = PBXBuildFile; fileRef = ACAF0D452C49A77E00703928 /* Assets.xcassets */; };
		ACAF0D492C49A77E00703928 /* Preview Assets.xcassets in Resources */ = {isa = PBXBuildFile; fileRef = ACAF0D482C49A77E00703928 /* Preview Assets.xcassets */; };
		ACAF0D542C49A7E400703928 /* Extensions.swift in Sources */ = {isa = PBXBuildFile; fileRef = ACAF0D532C49A7E400703928 /* Extensions.swift */; };
		ACAF0D562C49A87300703928 /* Meal.swift in Sources */ = {isa = PBXBuildFile; fileRef = ACAF0D552C49A87300703928 /* Meal.swift */; };
		ACAF0D582C49A89D00703928 /* MealResponse.swift in Sources */ = {isa = PBXBuildFile; fileRef = ACAF0D572C49A89D00703928 /* MealResponse.swift */; };
		ACAF0D5A2C49A8C200703928 /* MealDetails.swift in Sources */ = {isa = PBXBuildFile; fileRef = ACAF0D592C49A8C200703928 /* MealDetails.swift */; };
		ACAF0D5C2C49A92E00703928 /* MealDetailsResponse.swift in Sources */ = {isa = PBXBuildFile; fileRef = ACAF0D5B2C49A92E00703928 /* MealDetailsResponse.swift */; };
		ACAF0D5E2C49AA8700703928 /* DetailView.swift in Sources */ = {isa = PBXBuildFile; fileRef = ACAF0D5D2C49AA8700703928 /* DetailView.swift */; };
		ACAF0D602C49AA9800703928 /* ListView.swift in Sources */ = {isa = PBXBuildFile; fileRef = ACAF0D5F2C49AA9800703928 /* ListView.swift */; };
		ACAF0D622C49AAA600703928 /* SearchView.swift in Sources */ = {isa = PBXBuildFile; fileRef = ACAF0D612C49AAA600703928 /* SearchView.swift */; };
		ACAF0D642C49AAB400703928 /* FavoritesView.swift in Sources */ = {isa = PBXBuildFile; fileRef = ACAF0D632C49AAB400703928 /* FavoritesView.swift */; };
		ACAF0D662C49AC0E00703928 /* MainViewViewModel.swift in Sources */ = {isa = PBXBuildFile; fileRef = ACAF0D652C49AC0E00703928 /* MainViewViewModel.swift */; };
		ACAF0D682C49AC1700703928 /* DetailViewViewModel.swift in Sources */ = {isa = PBXBuildFile; fileRef = ACAF0D672C49AC1700703928 /* DetailViewViewModel.swift */; };
		ACAF0D6A2C49AC2300703928 /* ListViewViewModel.swift in Sources */ = {isa = PBXBuildFile; fileRef = ACAF0D692C49AC2300703928 /* ListViewViewModel.swift */; };
		ACAF0D6C2C49AC2E00703928 /* SearchViewViewModel.swift in Sources */ = {isa = PBXBuildFile; fileRef = ACAF0D6B2C49AC2E00703928 /* SearchViewViewModel.swift */; };
		ACAF0D6E2C49AC3800703928 /* FavoritesViewViewModel.swift in Sources */ = {isa = PBXBuildFile; fileRef = ACAF0D6D2C49AC3800703928 /* FavoritesViewViewModel.swift */; };
		ACAF0D702C49ADBE00703928 /* MealItemView.swift in Sources */ = {isa = PBXBuildFile; fileRef = ACAF0D6F2C49ADBE00703928 /* MealItemView.swift */; };
		ACAF0D722C49ADDF00703928 /* MealItemViewViewModel.swift in Sources */ = {isa = PBXBuildFile; fileRef = ACAF0D712C49ADDF00703928 /* MealItemViewViewModel.swift */; };
		ACAF0D742C49B1B800703928 /* Category.swift in Sources */ = {isa = PBXBuildFile; fileRef = ACAF0D732C49B1B800703928 /* Category.swift */; };
		ACAF0D782C49B66A00703928 /* Error.swift in Sources */ = {isa = PBXBuildFile; fileRef = ACAF0D772C49B66A00703928 /* Error.swift */; };
/* End PBXBuildFile section */

/* Begin PBXFileReference section */
		AC61BD6F2C4ADEE500B59FE0 /* IngredientsView.swift */ = {isa = PBXFileReference; lastKnownFileType = sourcecode.swift; path = IngredientsView.swift; sourceTree = "<group>"; };
		AC61BD712C4ADEEE00B59FE0 /* DirectionsView.swift */ = {isa = PBXFileReference; lastKnownFileType = sourcecode.swift; path = DirectionsView.swift; sourceTree = "<group>"; };
		AC61BD732C4ADEF900B59FE0 /* IngredientsViewViewModel.swift */ = {isa = PBXFileReference; lastKnownFileType = sourcecode.swift; path = IngredientsViewViewModel.swift; sourceTree = "<group>"; };
		AC61BD752C4ADF0300B59FE0 /* DirectionsViewViewModel.swift */ = {isa = PBXFileReference; lastKnownFileType = sourcecode.swift; path = DirectionsViewViewModel.swift; sourceTree = "<group>"; };
		ACAF0D3E2C49A77C00703928 /* RecipeBrowser.app */ = {isa = PBXFileReference; explicitFileType = wrapper.application; includeInIndex = 0; path = RecipeBrowser.app; sourceTree = BUILT_PRODUCTS_DIR; };
		ACAF0D412C49A77C00703928 /* RecipeBrowserApp.swift */ = {isa = PBXFileReference; lastKnownFileType = sourcecode.swift; path = RecipeBrowserApp.swift; sourceTree = "<group>"; };
		ACAF0D432C49A77C00703928 /* MainView.swift */ = {isa = PBXFileReference; lastKnownFileType = sourcecode.swift; path = MainView.swift; sourceTree = "<group>"; };
		ACAF0D452C49A77E00703928 /* Assets.xcassets */ = {isa = PBXFileReference; lastKnownFileType = folder.assetcatalog; path = Assets.xcassets; sourceTree = "<group>"; };
		ACAF0D482C49A77E00703928 /* Preview Assets.xcassets */ = {isa = PBXFileReference; lastKnownFileType = folder.assetcatalog; path = "Preview Assets.xcassets"; sourceTree = "<group>"; };
		ACAF0D532C49A7E400703928 /* Extensions.swift */ = {isa = PBXFileReference; lastKnownFileType = sourcecode.swift; path = Extensions.swift; sourceTree = "<group>"; };
		ACAF0D552C49A87300703928 /* Meal.swift */ = {isa = PBXFileReference; lastKnownFileType = sourcecode.swift; path = Meal.swift; sourceTree = "<group>"; };
		ACAF0D572C49A89D00703928 /* MealResponse.swift */ = {isa = PBXFileReference; lastKnownFileType = sourcecode.swift; path = MealResponse.swift; sourceTree = "<group>"; };
		ACAF0D592C49A8C200703928 /* MealDetails.swift */ = {isa = PBXFileReference; lastKnownFileType = sourcecode.swift; path = MealDetails.swift; sourceTree = "<group>"; };
		ACAF0D5B2C49A92E00703928 /* MealDetailsResponse.swift */ = {isa = PBXFileReference; lastKnownFileType = sourcecode.swift; path = MealDetailsResponse.swift; sourceTree = "<group>"; };
		ACAF0D5D2C49AA8700703928 /* DetailView.swift */ = {isa = PBXFileReference; lastKnownFileType = sourcecode.swift; path = DetailView.swift; sourceTree = "<group>"; };
		ACAF0D5F2C49AA9800703928 /* ListView.swift */ = {isa = PBXFileReference; lastKnownFileType = sourcecode.swift; path = ListView.swift; sourceTree = "<group>"; };
		ACAF0D612C49AAA600703928 /* SearchView.swift */ = {isa = PBXFileReference; lastKnownFileType = sourcecode.swift; path = SearchView.swift; sourceTree = "<group>"; };
		ACAF0D632C49AAB400703928 /* FavoritesView.swift */ = {isa = PBXFileReference; lastKnownFileType = sourcecode.swift; path = FavoritesView.swift; sourceTree = "<group>"; };
		ACAF0D652C49AC0E00703928 /* MainViewViewModel.swift */ = {isa = PBXFileReference; lastKnownFileType = sourcecode.swift; path = MainViewViewModel.swift; sourceTree = "<group>"; };
		ACAF0D672C49AC1700703928 /* DetailViewViewModel.swift */ = {isa = PBXFileReference; lastKnownFileType = sourcecode.swift; path = DetailViewViewModel.swift; sourceTree = "<group>"; };
		ACAF0D692C49AC2300703928 /* ListViewViewModel.swift */ = {isa = PBXFileReference; lastKnownFileType = sourcecode.swift; path = ListViewViewModel.swift; sourceTree = "<group>"; };
		ACAF0D6B2C49AC2E00703928 /* SearchViewViewModel.swift */ = {isa = PBXFileReference; lastKnownFileType = sourcecode.swift; path = SearchViewViewModel.swift; sourceTree = "<group>"; };
		ACAF0D6D2C49AC3800703928 /* FavoritesViewViewModel.swift */ = {isa = PBXFileReference; lastKnownFileType = sourcecode.swift; path = FavoritesViewViewModel.swift; sourceTree = "<group>"; };
		ACAF0D6F2C49ADBE00703928 /* MealItemView.swift */ = {isa = PBXFileReference; lastKnownFileType = sourcecode.swift; path = MealItemView.swift; sourceTree = "<group>"; };
		ACAF0D712C49ADDF00703928 /* MealItemViewViewModel.swift */ = {isa = PBXFileReference; lastKnownFileType = sourcecode.swift; path = MealItemViewViewModel.swift; sourceTree = "<group>"; };
		ACAF0D732C49B1B800703928 /* Category.swift */ = {isa = PBXFileReference; lastKnownFileType = sourcecode.swift; path = Category.swift; sourceTree = "<group>"; };
		ACAF0D772C49B66A00703928 /* Error.swift */ = {isa = PBXFileReference; lastKnownFileType = sourcecode.swift; path = Error.swift; sourceTree = "<group>"; };
/* End PBXFileReference section */

/* Begin PBXFrameworksBuildPhase section */
		ACAF0D3B2C49A77C00703928 /* Frameworks */ = {
			isa = PBXFrameworksBuildPhase;
			buildActionMask = 2147483647;
			files = (
			);
			runOnlyForDeploymentPostprocessing = 0;
		};
/* End PBXFrameworksBuildPhase section */

/* Begin PBXGroup section */
		ACAF0D352C49A77C00703928 = {
			isa = PBXGroup;
			children = (
				ACAF0D402C49A77C00703928 /* RecipeBrowser */,
				ACAF0D3F2C49A77C00703928 /* Products */,
			);
			sourceTree = "<group>";
		};
		ACAF0D3F2C49A77C00703928 /* Products */ = {
			isa = PBXGroup;
			children = (
				ACAF0D3E2C49A77C00703928 /* RecipeBrowser.app */,
			);
			name = Products;
			sourceTree = "<group>";
		};
		ACAF0D402C49A77C00703928 /* RecipeBrowser */ = {
			isa = PBXGroup;
			children = (
				ACAF0D522C49A79600703928 /* Other */,
				ACAF0D512C49A79000703928 /* Views */,
				ACAF0D502C49A78A00703928 /* ViewModels */,
				ACAF0D4F2C49A78300703928 /* Models */,
				ACAF0D452C49A77E00703928 /* Assets.xcassets */,
				ACAF0D472C49A77E00703928 /* Preview Content */,
			);
			path = RecipeBrowser;
			sourceTree = "<group>";
		};
		ACAF0D472C49A77E00703928 /* Preview Content */ = {
			isa = PBXGroup;
			children = (
				ACAF0D482C49A77E00703928 /* Preview Assets.xcassets */,
			);
			path = "Preview Content";
			sourceTree = "<group>";
		};
		ACAF0D4F2C49A78300703928 /* Models */ = {
			isa = PBXGroup;
			children = (
				ACAF0D552C49A87300703928 /* Meal.swift */,
				ACAF0D572C49A89D00703928 /* MealResponse.swift */,
				ACAF0D772C49B66A00703928 /* Error.swift */,
				ACAF0D592C49A8C200703928 /* MealDetails.swift */,
				ACAF0D732C49B1B800703928 /* Category.swift */,
				ACAF0D5B2C49A92E00703928 /* MealDetailsResponse.swift */,
			);
			path = Models;
			sourceTree = "<group>";
		};
		ACAF0D502C49A78A00703928 /* ViewModels */ = {
			isa = PBXGroup;
			children = (
				ACAF0D652C49AC0E00703928 /* MainViewViewModel.swift */,
				ACAF0D712C49ADDF00703928 /* MealItemViewViewModel.swift */,
				ACAF0D672C49AC1700703928 /* DetailViewViewModel.swift */,
				AC61BD752C4ADF0300B59FE0 /* DirectionsViewViewModel.swift */,
				ACAF0D692C49AC2300703928 /* ListViewViewModel.swift */,
				AC61BD732C4ADEF900B59FE0 /* IngredientsViewViewModel.swift */,
				ACAF0D6D2C49AC3800703928 /* FavoritesViewViewModel.swift */,
				ACAF0D6B2C49AC2E00703928 /* SearchViewViewModel.swift */,
			);
			path = ViewModels;
			sourceTree = "<group>";
		};
		ACAF0D512C49A79000703928 /* Views */ = {
			isa = PBXGroup;
			children = (
				ACAF0D432C49A77C00703928 /* MainView.swift */,
				ACAF0D5D2C49AA8700703928 /* DetailView.swift */,
				ACAF0D5F2C49AA9800703928 /* ListView.swift */,
				ACAF0D612C49AAA600703928 /* SearchView.swift */,
				AC61BD6F2C4ADEE500B59FE0 /* IngredientsView.swift */,
				AC61BD712C4ADEEE00B59FE0 /* DirectionsView.swift */,
				ACAF0D632C49AAB400703928 /* FavoritesView.swift */,
				ACAF0D6F2C49ADBE00703928 /* MealItemView.swift */,
			);
			path = Views;
			sourceTree = "<group>";
		};
		ACAF0D522C49A79600703928 /* Other */ = {
			isa = PBXGroup;
			children = (
				ACAF0D412C49A77C00703928 /* RecipeBrowserApp.swift */,
				ACAF0D532C49A7E400703928 /* Extensions.swift */,
			);
			path = Other;
			sourceTree = "<group>";
		};
/* End PBXGroup section */

/* Begin PBXNativeTarget section */
		ACAF0D3D2C49A77C00703928 /* RecipeBrowser */ = {
			isa = PBXNativeTarget;
			buildConfigurationList = ACAF0D4C2C49A77E00703928 /* Build configuration list for PBXNativeTarget "RecipeBrowser" */;
			buildPhases = (
				ACAF0D3A2C49A77C00703928 /* Sources */,
				ACAF0D3B2C49A77C00703928 /* Frameworks */,
				ACAF0D3C2C49A77C00703928 /* Resources */,
			);
			buildRules = (
			);
			dependencies = (
			);
			name = RecipeBrowser;
			productName = RecipeBrowser;
			productReference = ACAF0D3E2C49A77C00703928 /* RecipeBrowser.app */;
			productType = "com.apple.product-type.application";
		};
/* End PBXNativeTarget section */

/* Begin PBXProject section */
		ACAF0D362C49A77C00703928 /* Project object */ = {
			isa = PBXProject;
			attributes = {
				BuildIndependentTargetsInParallel = 1;
				LastSwiftUpdateCheck = 1540;
				LastUpgradeCheck = 1540;
				TargetAttributes = {
					ACAF0D3D2C49A77C00703928 = {
						CreatedOnToolsVersion = 15.4;
					};
				};
			};
			buildConfigurationList = ACAF0D392C49A77C00703928 /* Build configuration list for PBXProject "RecipeBrowser" */;
			compatibilityVersion = "Xcode 14.0";
			developmentRegion = en;
			hasScannedForEncodings = 0;
			knownRegions = (
				en,
				Base,
			);
			mainGroup = ACAF0D352C49A77C00703928;
			productRefGroup = ACAF0D3F2C49A77C00703928 /* Products */;
			projectDirPath = "";
			projectRoot = "";
			targets = (
				ACAF0D3D2C49A77C00703928 /* RecipeBrowser */,
			);
		};
/* End PBXProject section */

/* Begin PBXResourcesBuildPhase section */
		ACAF0D3C2C49A77C00703928 /* Resources */ = {
			isa = PBXResourcesBuildPhase;
			buildActionMask = 2147483647;
			files = (
				ACAF0D492C49A77E00703928 /* Preview Assets.xcassets in Resources */,
				ACAF0D462C49A77E00703928 /* Assets.xcassets in Resources */,
			);
			runOnlyForDeploymentPostprocessing = 0;
		};
/* End PBXResourcesBuildPhase section */

/* Begin PBXSourcesBuildPhase section */
		ACAF0D3A2C49A77C00703928 /* Sources */ = {
			isa = PBXSourcesBuildPhase;
			buildActionMask = 2147483647;
			files = (
				ACAF0D642C49AAB400703928 /* FavoritesView.swift in Sources */,
				ACAF0D6E2C49AC3800703928 /* FavoritesViewViewModel.swift in Sources */,
				AC61BD722C4ADEEE00B59FE0 /* DirectionsView.swift in Sources */,
				ACAF0D742C49B1B800703928 /* Category.swift in Sources */,
				ACAF0D622C49AAA600703928 /* SearchView.swift in Sources */,
				ACAF0D722C49ADDF00703928 /* MealItemViewViewModel.swift in Sources */,
				ACAF0D662C49AC0E00703928 /* MainViewViewModel.swift in Sources */,
				ACAF0D562C49A87300703928 /* Meal.swift in Sources */,
				ACAF0D5E2C49AA8700703928 /* DetailView.swift in Sources */,
				ACAF0D782C49B66A00703928 /* Error.swift in Sources */,
				ACAF0D5C2C49A92E00703928 /* MealDetailsResponse.swift in Sources */,
				AC61BD762C4ADF0300B59FE0 /* DirectionsViewViewModel.swift in Sources */,
				AC61BD742C4ADEF900B59FE0 /* IngredientsViewViewModel.swift in Sources */,
				AC61BD702C4ADEE500B59FE0 /* IngredientsView.swift in Sources */,
				ACAF0D442C49A77C00703928 /* MainView.swift in Sources */,
				ACAF0D702C49ADBE00703928 /* MealItemView.swift in Sources */,
				ACAF0D542C49A7E400703928 /* Extensions.swift in Sources */,
				ACAF0D6C2C49AC2E00703928 /* SearchViewViewModel.swift in Sources */,
				ACAF0D582C49A89D00703928 /* MealResponse.swift in Sources */,
				ACAF0D422C49A77C00703928 /* RecipeBrowserApp.swift in Sources */,
				ACAF0D682C49AC1700703928 /* DetailViewViewModel.swift in Sources */,
				ACAF0D5A2C49A8C200703928 /* MealDetails.swift in Sources */,
				ACAF0D602C49AA9800703928 /* ListView.swift in Sources */,
				ACAF0D6A2C49AC2300703928 /* ListViewViewModel.swift in Sources */,
			);
			runOnlyForDeploymentPostprocessing = 0;
		};
/* End PBXSourcesBuildPhase section */

/* Begin XCBuildConfiguration section */
		ACAF0D4A2C49A77E00703928 /* Debug */ = {
			isa = XCBuildConfiguration;
			buildSettings = {
				ALWAYS_SEARCH_USER_PATHS = NO;
				ASSETCATALOG_COMPILER_GENERATE_SWIFT_ASSET_SYMBOL_EXTENSIONS = YES;
				CLANG_ANALYZER_NONNULL = YES;
				CLANG_ANALYZER_NUMBER_OBJECT_CONVERSION = YES_AGGRESSIVE;
				CLANG_CXX_LANGUAGE_STANDARD = "gnu++20";
				CLANG_ENABLE_MODULES = YES;
				CLANG_ENABLE_OBJC_ARC = YES;
				CLANG_ENABLE_OBJC_WEAK = YES;
				CLANG_WARN_BLOCK_CAPTURE_AUTORELEASING = YES;
				CLANG_WARN_BOOL_CONVERSION = YES;
				CLANG_WARN_COMMA = YES;
				CLANG_WARN_CONSTANT_CONVERSION = YES;
				CLANG_WARN_DEPRECATED_OBJC_IMPLEMENTATIONS = YES;
				CLANG_WARN_DIRECT_OBJC_ISA_USAGE = YES_ERROR;
				CLANG_WARN_DOCUMENTATION_COMMENTS = YES;
				CLANG_WARN_EMPTY_BODY = YES;
				CLANG_WARN_ENUM_CONVERSION = YES;
				CLANG_WARN_INFINITE_RECURSION = YES;
				CLANG_WARN_INT_CONVERSION = YES;
				CLANG_WARN_NON_LITERAL_NULL_CONVERSION = YES;
				CLANG_WARN_OBJC_IMPLICIT_RETAIN_SELF = YES;
				CLANG_WARN_OBJC_LITERAL_CONVERSION = YES;
				CLANG_WARN_OBJC_ROOT_CLASS = YES_ERROR;
				CLANG_WARN_QUOTED_INCLUDE_IN_FRAMEWORK_HEADER = YES;
				CLANG_WARN_RANGE_LOOP_ANALYSIS = YES;
				CLANG_WARN_STRICT_PROTOTYPES = YES;
				CLANG_WARN_SUSPICIOUS_MOVE = YES;
				CLANG_WARN_UNGUARDED_AVAILABILITY = YES_AGGRESSIVE;
				CLANG_WARN_UNREACHABLE_CODE = YES;
				CLANG_WARN__DUPLICATE_METHOD_MATCH = YES;
				COPY_PHASE_STRIP = NO;
				DEBUG_INFORMATION_FORMAT = dwarf;
				ENABLE_STRICT_OBJC_MSGSEND = YES;
				ENABLE_TESTABILITY = YES;
				ENABLE_USER_SCRIPT_SANDBOXING = YES;
				GCC_C_LANGUAGE_STANDARD = gnu17;
				GCC_DYNAMIC_NO_PIC = NO;
				GCC_NO_COMMON_BLOCKS = YES;
				GCC_OPTIMIZATION_LEVEL = 0;
				GCC_PREPROCESSOR_DEFINITIONS = (
					"DEBUG=1",
					"$(inherited)",
				);
				GCC_WARN_64_TO_32_BIT_CONVERSION = YES;
				GCC_WARN_ABOUT_RETURN_TYPE = YES_ERROR;
				GCC_WARN_UNDECLARED_SELECTOR = YES;
				GCC_WARN_UNINITIALIZED_AUTOS = YES_AGGRESSIVE;
				GCC_WARN_UNUSED_FUNCTION = YES;
				GCC_WARN_UNUSED_VARIABLE = YES;
				IPHONEOS_DEPLOYMENT_TARGET = 17.5;
				LOCALIZATION_PREFERS_STRING_CATALOGS = YES;
				MTL_ENABLE_DEBUG_INFO = INCLUDE_SOURCE;
				MTL_FAST_MATH = YES;
				ONLY_ACTIVE_ARCH = YES;
				SDKROOT = iphoneos;
				SWIFT_ACTIVE_COMPILATION_CONDITIONS = "DEBUG $(inherited)";
				SWIFT_OPTIMIZATION_LEVEL = "-Onone";
			};
			name = Debug;
		};
		ACAF0D4B2C49A77E00703928 /* Release */ = {
			isa = XCBuildConfiguration;
			buildSettings = {
				ALWAYS_SEARCH_USER_PATHS = NO;
				ASSETCATALOG_COMPILER_GENERATE_SWIFT_ASSET_SYMBOL_EXTENSIONS = YES;
				CLANG_ANALYZER_NONNULL = YES;
				CLANG_ANALYZER_NUMBER_OBJECT_CONVERSION = YES_AGGRESSIVE;
				CLANG_CXX_LANGUAGE_STANDARD = "gnu++20";
				CLANG_ENABLE_MODULES = YES;
				CLANG_ENABLE_OBJC_ARC = YES;
				CLANG_ENABLE_OBJC_WEAK = YES;
				CLANG_WARN_BLOCK_CAPTURE_AUTORELEASING = YES;
				CLANG_WARN_BOOL_CONVERSION = YES;
				CLANG_WARN_COMMA = YES;
				CLANG_WARN_CONSTANT_CONVERSION = YES;
				CLANG_WARN_DEPRECATED_OBJC_IMPLEMENTATIONS = YES;
				CLANG_WARN_DIRECT_OBJC_ISA_USAGE = YES_ERROR;
				CLANG_WARN_DOCUMENTATION_COMMENTS = YES;
				CLANG_WARN_EMPTY_BODY = YES;
				CLANG_WARN_ENUM_CONVERSION = YES;
				CLANG_WARN_INFINITE_RECURSION = YES;
				CLANG_WARN_INT_CONVERSION = YES;
				CLANG_WARN_NON_LITERAL_NULL_CONVERSION = YES;
				CLANG_WARN_OBJC_IMPLICIT_RETAIN_SELF = YES;
				CLANG_WARN_OBJC_LITERAL_CONVERSION = YES;
				CLANG_WARN_OBJC_ROOT_CLASS = YES_ERROR;
				CLANG_WARN_QUOTED_INCLUDE_IN_FRAMEWORK_HEADER = YES;
				CLANG_WARN_RANGE_LOOP_ANALYSIS = YES;
				CLANG_WARN_STRICT_PROTOTYPES = YES;
				CLANG_WARN_SUSPICIOUS_MOVE = YES;
				CLANG_WARN_UNGUARDED_AVAILABILITY = YES_AGGRESSIVE;
				CLANG_WARN_UNREACHABLE_CODE = YES;
				CLANG_WARN__DUPLICATE_METHOD_MATCH = YES;
				COPY_PHASE_STRIP = NO;
				DEBUG_INFORMATION_FORMAT = "dwarf-with-dsym";
				ENABLE_NS_ASSERTIONS = NO;
				ENABLE_STRICT_OBJC_MSGSEND = YES;
				ENABLE_USER_SCRIPT_SANDBOXING = YES;
				GCC_C_LANGUAGE_STANDARD = gnu17;
				GCC_NO_COMMON_BLOCKS = YES;
				GCC_WARN_64_TO_32_BIT_CONVERSION = YES;
				GCC_WARN_ABOUT_RETURN_TYPE = YES_ERROR;
				GCC_WARN_UNDECLARED_SELECTOR = YES;
				GCC_WARN_UNINITIALIZED_AUTOS = YES_AGGRESSIVE;
				GCC_WARN_UNUSED_FUNCTION = YES;
				GCC_WARN_UNUSED_VARIABLE = YES;
				IPHONEOS_DEPLOYMENT_TARGET = 17.5;
				LOCALIZATION_PREFERS_STRING_CATALOGS = YES;
				MTL_ENABLE_DEBUG_INFO = NO;
				MTL_FAST_MATH = YES;
				SDKROOT = iphoneos;
				SWIFT_COMPILATION_MODE = wholemodule;
				VALIDATE_PRODUCT = YES;
			};
			name = Release;
		};
		ACAF0D4D2C49A77E00703928 /* Debug */ = {
			isa = XCBuildConfiguration;
			buildSettings = {
				ASSETCATALOG_COMPILER_APPICON_NAME = AppIcon;
				ASSETCATALOG_COMPILER_GLOBAL_ACCENT_COLOR_NAME = AccentColor;
				CODE_SIGN_STYLE = Automatic;
				CURRENT_PROJECT_VERSION = 1;
				DEVELOPMENT_ASSET_PATHS = "\"RecipeBrowser/Preview Content\"";
				ENABLE_PREVIEWS = YES;
				GENERATE_INFOPLIST_FILE = YES;
				INFOPLIST_KEY_UIApplicationSceneManifest_Generation = YES;
				INFOPLIST_KEY_UIApplicationSupportsIndirectInputEvents = YES;
				INFOPLIST_KEY_UILaunchScreen_Generation = YES;
				INFOPLIST_KEY_UISupportedInterfaceOrientations_iPad = "UIInterfaceOrientationPortrait UIInterfaceOrientationPortraitUpsideDown UIInterfaceOrientationLandscapeLeft UIInterfaceOrientationLandscapeRight";
				INFOPLIST_KEY_UISupportedInterfaceOrientations_iPhone = "UIInterfaceOrientationPortrait UIInterfaceOrientationLandscapeLeft UIInterfaceOrientationLandscapeRight";
				LD_RUNPATH_SEARCH_PATHS = (
					"$(inherited)",
					"@executable_path/Frameworks",
				);
				MARKETING_VERSION = 1.0;
				PRODUCT_BUNDLE_IDENTIFIER = io.cfkim.RecipeBrowser;
				PRODUCT_NAME = "$(TARGET_NAME)";
				SWIFT_EMIT_LOC_STRINGS = YES;
				SWIFT_VERSION = 5.0;
				TARGETED_DEVICE_FAMILY = "1,2";
			};
			name = Debug;
		};
		ACAF0D4E2C49A77E00703928 /* Release */ = {
			isa = XCBuildConfiguration;
			buildSettings = {
				ASSETCATALOG_COMPILER_APPICON_NAME = AppIcon;
				ASSETCATALOG_COMPILER_GLOBAL_ACCENT_COLOR_NAME = AccentColor;
				CODE_SIGN_STYLE = Automatic;
				CURRENT_PROJECT_VERSION = 1;
				DEVELOPMENT_ASSET_PATHS = "\"RecipeBrowser/Preview Content\"";
				ENABLE_PREVIEWS = YES;
				GENERATE_INFOPLIST_FILE = YES;
				INFOPLIST_KEY_UIApplicationSceneManifest_Generation = YES;
				INFOPLIST_KEY_UIApplicationSupportsIndirectInputEvents = YES;
				INFOPLIST_KEY_UILaunchScreen_Generation = YES;
				INFOPLIST_KEY_UISupportedInterfaceOrientations_iPad = "UIInterfaceOrientationPortrait UIInterfaceOrientationPortraitUpsideDown UIInterfaceOrientationLandscapeLeft UIInterfaceOrientationLandscapeRight";
				INFOPLIST_KEY_UISupportedInterfaceOrientations_iPhone = "UIInterfaceOrientationPortrait UIInterfaceOrientationLandscapeLeft UIInterfaceOrientationLandscapeRight";
				LD_RUNPATH_SEARCH_PATHS = (
					"$(inherited)",
					"@executable_path/Frameworks",
				);
				MARKETING_VERSION = 1.0;
				PRODUCT_BUNDLE_IDENTIFIER = io.cfkim.RecipeBrowser;
				PRODUCT_NAME = "$(TARGET_NAME)";
				SWIFT_EMIT_LOC_STRINGS = YES;
				SWIFT_VERSION = 5.0;
				TARGETED_DEVICE_FAMILY = "1,2";
			};
			name = Release;
		};
/* End XCBuildConfiguration section */

/* Begin XCConfigurationList section */
		ACAF0D392C49A77C00703928 /* Build configuration list for PBXProject "RecipeBrowser" */ = {
			isa = XCConfigurationList;
			buildConfigurations = (
				ACAF0D4A2C49A77E00703928 /* Debug */,
				ACAF0D4B2C49A77E00703928 /* Release */,
			);
			defaultConfigurationIsVisible = 0;
			defaultConfigurationName = Release;
		};
		ACAF0D4C2C49A77E00703928 /* Build configuration list for PBXNativeTarget "RecipeBrowser" */ = {
			isa = XCConfigurationList;
			buildConfigurations = (
				ACAF0D4D2C49A77E00703928 /* Debug */,
				ACAF0D4E2C49A77E00703928 /* Release */,
			);
			defaultConfigurationIsVisible = 0;
			defaultConfigurationName = Release;
		};
/* End XCConfigurationList section */
	};
	rootObject = ACAF0D362C49A77C00703928 /* Project object */;
}
